
Microsoft Visual Studio Solution File, Format Version 12.00
# Visual Studio Version 17
VisualStudioVersion = 17.2.32616.157
MinimumVisualStudioVersion = 10.0.40219.1
Project("{FAE04EC0-301F-11D3-BF4B-00C04F79EFBC}") = "csharp-gestore-eventi", "csharp-gestore-eventi.csproj", "{2B9B0AA2-F209-41C8-AB8D-91940348EC39}"
EndProject
Global
	GlobalSection(SolutionConfigurationPlatforms) = preSolution
		Debug|Any CPU = Debug|Any CPU
		Release|Any CPU = Release|Any CPU
	EndGlobalSection
	GlobalSection(ProjectConfigurationPlatforms) = postSolution
		{2B9B0AA2-F209-41C8-AB8D-91940348EC39}.Debug|Any CPU.ActiveCfg = Debug|Any CPU
		{2B9B0AA2-F209-41C8-AB8D-91940348EC39}.Debug|Any CPU.Build.0 = Debug|Any CPU
		{2B9B0AA2-F209-41C8-AB8D-91940348EC39}.Release|Any CPU.ActiveCfg = Release|Any CPU
		{2B9B0AA2-F209-41C8-AB8D-91940348EC39}.Release|Any CPU.Build.0 = Release|Any CPU
	EndGlobalSection
	GlobalSection(SolutionProperties) = preSolution
		HideSolutionNode = FALSE
	EndGlobalSection
	GlobalSection(ExtensibilityGlobals) = postSolution
		SolutionGuid = {F2B5143D-00A5-49CD-8362-9B193F394968}
	EndGlobalSection
EndGlobal
